// !$*UTF8*$!
{
	archiveVersion = 1;
	classes = {
	};
	objectVersion = 55;
	objects = {

/* Begin PBXBuildFile section */
		C95778D1273C5960008308A8 /* Tests_iOS.swift in Sources */ = {isa = PBXBuildFile; fileRef = C95778D0273C5960008308A8 /* Tests_iOS.swift */; };
		C95778D3273C5960008308A8 /* Tests_iOSLaunchTests.swift in Sources */ = {isa = PBXBuildFile; fileRef = C95778D2273C5960008308A8 /* Tests_iOSLaunchTests.swift */; };
		C95778DD273C5960008308A8 /* Tests_macOS.swift in Sources */ = {isa = PBXBuildFile; fileRef = C95778DC273C5960008308A8 /* Tests_macOS.swift */; };
		C95778DF273C5960008308A8 /* Tests_macOSLaunchTests.swift in Sources */ = {isa = PBXBuildFile; fileRef = C95778DE273C5960008308A8 /* Tests_macOSLaunchTests.swift */; };
		C95778E0273C5960008308A8 /* moviesApp.swift in Sources */ = {isa = PBXBuildFile; fileRef = C95778B8273C595F008308A8 /* moviesApp.swift */; };
		C95778E1273C5960008308A8 /* moviesApp.swift in Sources */ = {isa = PBXBuildFile; fileRef = C95778B8273C595F008308A8 /* moviesApp.swift */; };
		C95778E2273C5960008308A8 /* ContentView.swift in Sources */ = {isa = PBXBuildFile; fileRef = C95778B9273C595F008308A8 /* ContentView.swift */; };
		C95778E3273C5960008308A8 /* ContentView.swift in Sources */ = {isa = PBXBuildFile; fileRef = C95778B9273C595F008308A8 /* ContentView.swift */; };
		C95778E4273C5960008308A8 /* Assets.xcassets in Resources */ = {isa = PBXBuildFile; fileRef = C95778BA273C5960008308A8 /* Assets.xcassets */; };
		C95778E5273C5960008308A8 /* Assets.xcassets in Resources */ = {isa = PBXBuildFile; fileRef = C95778BA273C5960008308A8 /* Assets.xcassets */; };
/* End PBXBuildFile section */

/* Begin PBXContainerItemProxy section */
		C95778CD273C5960008308A8 /* PBXContainerItemProxy */ = {
			isa = PBXContainerItemProxy;
			containerPortal = C95778B3273C595F008308A8 /* Project object */;
			proxyType = 1;
			remoteGlobalIDString = C95778BE273C5960008308A8;
			remoteInfo = "movies (iOS)";
		};
		C95778D9273C5960008308A8 /* PBXContainerItemProxy */ = {
			isa = PBXContainerItemProxy;
			containerPortal = C95778B3273C595F008308A8 /* Project object */;
			proxyType = 1;
			remoteGlobalIDString = C95778C4273C5960008308A8;
			remoteInfo = "movies (macOS)";
		};
/* End PBXContainerItemProxy section */

/* Begin PBXFileReference section */
		C95778B8273C595F008308A8 /* moviesApp.swift */ = {isa = PBXFileReference; lastKnownFileType = sourcecode.swift; path = moviesApp.swift; sourceTree = "<group>"; };
		C95778B9273C595F008308A8 /* ContentView.swift */ = {isa = PBXFileReference; lastKnownFileType = sourcecode.swift; path = ContentView.swift; sourceTree = "<group>"; };
		C95778BA273C5960008308A8 /* Assets.xcassets */ = {isa = PBXFileReference; lastKnownFileType = folder.assetcatalog; path = Assets.xcassets; sourceTree = "<group>"; };
		C95778BF273C5960008308A8 /* movies.app */ = {isa = PBXFileReference; explicitFileType = wrapper.application; includeInIndex = 0; path = movies.app; sourceTree = BUILT_PRODUCTS_DIR; };
		C95778C5273C5960008308A8 /* movies.app */ = {isa = PBXFileReference; explicitFileType = wrapper.application; includeInIndex = 0; path = movies.app; sourceTree = BUILT_PRODUCTS_DIR; };
		C95778C7273C5960008308A8 /* macOS.entitlements */ = {isa = PBXFileReference; lastKnownFileType = text.plist.entitlements; path = macOS.entitlements; sourceTree = "<group>"; };
		C95778CC273C5960008308A8 /* Tests iOS.xctest */ = {isa = PBXFileReference; explicitFileType = wrapper.cfbundle; includeInIndex = 0; path = "Tests iOS.xctest"; sourceTree = BUILT_PRODUCTS_DIR; };
		C95778D0273C5960008308A8 /* Tests_iOS.swift */ = {isa = PBXFileReference; lastKnownFileType = sourcecode.swift; path = Tests_iOS.swift; sourceTree = "<group>"; };
		C95778D2273C5960008308A8 /* Tests_iOSLaunchTests.swift */ = {isa = PBXFileReference; lastKnownFileType = sourcecode.swift; path = Tests_iOSLaunchTests.swift; sourceTree = "<group>"; };
		C95778D8273C5960008308A8 /* Tests macOS.xctest */ = {isa = PBXFileReference; explicitFileType = wrapper.cfbundle; includeInIndex = 0; path = "Tests macOS.xctest"; sourceTree = BUILT_PRODUCTS_DIR; };
		C95778DC273C5960008308A8 /* Tests_macOS.swift */ = {isa = PBXFileReference; lastKnownFileType = sourcecode.swift; path = Tests_macOS.swift; sourceTree = "<group>"; };
		C95778DE273C5960008308A8 /* Tests_macOSLaunchTests.swift */ = {isa = PBXFileReference; lastKnownFileType = sourcecode.swift; path = Tests_macOSLaunchTests.swift; sourceTree = "<group>"; };
/* End PBXFileReference section */

/* Begin PBXFrameworksBuildPhase section */
		C95778BC273C5960008308A8 /* Frameworks */ = {
			isa = PBXFrameworksBuildPhase;
			buildActionMask = 2147483647;
			files = (
			);
			runOnlyForDeploymentPostprocessing = 0;
		};
		C95778C2273C5960008308A8 /* Frameworks */ = {
			isa = PBXFrameworksBuildPhase;
			buildActionMask = 2147483647;
			files = (
			);
			runOnlyForDeploymentPostprocessing = 0;
		};
		C95778C9273C5960008308A8 /* Frameworks */ = {
			isa = PBXFrameworksBuildPhase;
			buildActionMask = 2147483647;
			files = (
			);
			runOnlyForDeploymentPostprocessing = 0;
		};
		C95778D5273C5960008308A8 /* Frameworks */ = {
			isa = PBXFrameworksBuildPhase;
			buildActionMask = 2147483647;
			files = (
			);
			runOnlyForDeploymentPostprocessing = 0;
		};
/* End PBXFrameworksBuildPhase section */

/* Begin PBXGroup section */
		C95778B2273C595F008308A8 = {
			isa = PBXGroup;
			children = (
				C95778B7273C595F008308A8 /* Shared */,
				C95778C6273C5960008308A8 /* macOS */,
				C95778CF273C5960008308A8 /* Tests iOS */,
				C95778DB273C5960008308A8 /* Tests macOS */,
				C95778C0273C5960008308A8 /* Products */,
			);
			sourceTree = "<group>";
		};
		C95778B7273C595F008308A8 /* Shared */ = {
			isa = PBXGroup;
			children = (
				C95778B8273C595F008308A8 /* moviesApp.swift */,
				C95778B9273C595F008308A8 /* ContentView.swift */,
				C95778BA273C5960008308A8 /* Assets.xcassets */,
			);
			path = Shared;
			sourceTree = "<group>";
		};
		C95778C0273C5960008308A8 /* Products */ = {
			isa = PBXGroup;
			children = (
				C95778BF273C5960008308A8 /* movies.app */,
				C95778C5273C5960008308A8 /* movies.app */,
				C95778CC273C5960008308A8 /* Tests iOS.xctest */,
				C95778D8273C5960008308A8 /* Tests macOS.xctest */,
			);
			name = Products;
			sourceTree = "<group>";
		};
		C95778C6273C5960008308A8 /* macOS */ = {
			isa = PBXGroup;
			children = (
				C95778C7273C5960008308A8 /* macOS.entitlements */,
			);
			path = macOS;
			sourceTree = "<group>";
		};
		C95778CF273C5960008308A8 /* Tests iOS */ = {
			isa = PBXGroup;
			children = (
				C95778D0273C5960008308A8 /* Tests_iOS.swift */,
				C95778D2273C5960008308A8 /* Tests_iOSLaunchTests.swift */,
			);
			path = "Tests iOS";
			sourceTree = "<group>";
		};
		C95778DB273C5960008308A8 /* Tests macOS */ = {
			isa = PBXGroup;
			children = (
				C95778DC273C5960008308A8 /* Tests_macOS.swift */,
				C95778DE273C5960008308A8 /* Tests_macOSLaunchTests.swift */,
			);
			path = "Tests macOS";
			sourceTree = "<group>";
		};
/* End PBXGroup section */

/* Begin PBXNativeTarget section */
		C95778BE273C5960008308A8 /* movies (iOS) */ = {
			isa = PBXNativeTarget;
			buildConfigurationList = C95778E8273C5960008308A8 /* Build configuration list for PBXNativeTarget "movies (iOS)" */;
			buildPhases = (
				C95778BB273C5960008308A8 /* Sources */,
				C95778BC273C5960008308A8 /* Frameworks */,
				C95778BD273C5960008308A8 /* Resources */,
			);
			buildRules = (
			);
			dependencies = (
			);
			name = "movies (iOS)";
			productName = "movies (iOS)";
			productReference = C95778BF273C5960008308A8 /* movies.app */;
			productType = "com.apple.product-type.application";
		};
		C95778C4273C5960008308A8 /* movies (macOS) */ = {
			isa = PBXNativeTarget;
			buildConfigurationList = C95778EB273C5960008308A8 /* Build configuration list for PBXNativeTarget "movies (macOS)" */;
			buildPhases = (
				C95778C1273C5960008308A8 /* Sources */,
				C95778C2273C5960008308A8 /* Frameworks */,
				C95778C3273C5960008308A8 /* Resources */,
			);
			buildRules = (
			);
			dependencies = (
			);
			name = "movies (macOS)";
			productName = "movies (macOS)";
			productReference = C95778C5273C5960008308A8 /* movies.app */;
			productType = "com.apple.product-type.application";
		};
		C95778CB273C5960008308A8 /* Tests iOS */ = {
			isa = PBXNativeTarget;
			buildConfigurationList = C95778EE273C5960008308A8 /* Build configuration list for PBXNativeTarget "Tests iOS" */;
			buildPhases = (
				C95778C8273C5960008308A8 /* Sources */,
				C95778C9273C5960008308A8 /* Frameworks */,
				C95778CA273C5960008308A8 /* Resources */,
			);
			buildRules = (
			);
			dependencies = (
				C95778CE273C5960008308A8 /* PBXTargetDependency */,
			);
			name = "Tests iOS";
			productName = "Tests iOS";
			productReference = C95778CC273C5960008308A8 /* Tests iOS.xctest */;
			productType = "com.apple.product-type.bundle.ui-testing";
		};
		C95778D7273C5960008308A8 /* Tests macOS */ = {
			isa = PBXNativeTarget;
			buildConfigurationList = C95778F1273C5960008308A8 /* Build configuration list for PBXNativeTarget "Tests macOS" */;
			buildPhases = (
				C95778D4273C5960008308A8 /* Sources */,
				C95778D5273C5960008308A8 /* Frameworks */,
				C95778D6273C5960008308A8 /* Resources */,
			);
			buildRules = (
			);
			dependencies = (
				C95778DA273C5960008308A8 /* PBXTargetDependency */,
			);
			name = "Tests macOS";
			productName = "Tests macOS";
			productReference = C95778D8273C5960008308A8 /* Tests macOS.xctest */;
			productType = "com.apple.product-type.bundle.ui-testing";
		};
/* End PBXNativeTarget section */

/* Begin PBXProject section */
		C95778B3273C595F008308A8 /* Project object */ = {
			isa = PBXProject;
			attributes = {
				BuildIndependentTargetsInParallel = 1;
				LastSwiftUpdateCheck = 1310;
				LastUpgradeCheck = 1310;
				TargetAttributes = {
					C95778BE273C5960008308A8 = {
						CreatedOnToolsVersion = 13.1;
					};
					C95778C4273C5960008308A8 = {
						CreatedOnToolsVersion = 13.1;
					};
					C95778CB273C5960008308A8 = {
						CreatedOnToolsVersion = 13.1;
						TestTargetID = C95778BE273C5960008308A8;
					};
					C95778D7273C5960008308A8 = {
						CreatedOnToolsVersion = 13.1;
						TestTargetID = C95778C4273C5960008308A8;
					};
				};
			};
			buildConfigurationList = C95778B6273C595F008308A8 /* Build configuration list for PBXProject "movies" */;
			compatibilityVersion = "Xcode 13.0";
			developmentRegion = en;
			hasScannedForEncodings = 0;
			knownRegions = (
				en,
				Base,
			);
			mainGroup = C95778B2273C595F008308A8;
			productRefGroup = C95778C0273C5960008308A8 /* Products */;
			projectDirPath = "";
			projectRoot = "";
			targets = (
				C95778BE273C5960008308A8 /* movies (iOS) */,
				C95778C4273C5960008308A8 /* movies (macOS) */,
				C95778CB273C5960008308A8 /* Tests iOS */,
				C95778D7273C5960008308A8 /* Tests macOS */,
			);
		};
/* End PBXProject section */

/* Begin PBXResourcesBuildPhase section */
		C95778BD273C5960008308A8 /* Resources */ = {
			isa = PBXResourcesBuildPhase;
			buildActionMask = 2147483647;
			files = (
				C95778E4273C5960008308A8 /* Assets.xcassets in Resources */,
			);
			runOnlyForDeploymentPostprocessing = 0;
		};
		C95778C3273C5960008308A8 /* Resources */ = {
			isa = PBXResourcesBuildPhase;
			buildActionMask = 2147483647;
			files = (
				C95778E5273C5960008308A8 /* Assets.xcassets in Resources */,
			);
			runOnlyForDeploymentPostprocessing = 0;
		};
		C95778CA273C5960008308A8 /* Resources */ = {
			isa = PBXResourcesBuildPhase;
			buildActionMask = 2147483647;
			files = (
			);
			runOnlyForDeploymentPostprocessing = 0;
		};
		C95778D6273C5960008308A8 /* Resources */ = {
			isa = PBXResourcesBuildPhase;
			buildActionMask = 2147483647;
			files = (
			);
			runOnlyForDeploymentPostprocessing = 0;
		};
/* End PBXResourcesBuildPhase section */

/* Begin PBXSourcesBuildPhase section */
		C95778BB273C5960008308A8 /* Sources */ = {
			isa = PBXSourcesBuildPhase;
			buildActionMask = 2147483647;
			files = (
				C95778E2273C5960008308A8 /* ContentView.swift in Sources */,
				C95778E0273C5960008308A8 /* moviesApp.swift in Sources */,
			);
			runOnlyForDeploymentPostprocessing = 0;
		};
		C95778C1273C5960008308A8 /* Sources */ = {
			isa = PBXSourcesBuildPhase;
			buildActionMask = 2147483647;
			files = (
				C95778E3273C5960008308A8 /* ContentView.swift in Sources */,
				C95778E1273C5960008308A8 /* moviesApp.swift in Sources */,
			);
			runOnlyForDeploymentPostprocessing = 0;
		};
		C95778C8273C5960008308A8 /* Sources */ = {
			isa = PBXSourcesBuildPhase;
			buildActionMask = 2147483647;
			files = (
				C95778D3273C5960008308A8 /* Tests_iOSLaunchTests.swift in Sources */,
				C95778D1273C5960008308A8 /* Tests_iOS.swift in Sources */,
			);
			runOnlyForDeploymentPostprocessing = 0;
		};
		C95778D4273C5960008308A8 /* Sources */ = {
			isa = PBXSourcesBuildPhase;
			buildActionMask = 2147483647;
			files = (
				C95778DF273C5960008308A8 /* Tests_macOSLaunchTests.swift in Sources */,
				C95778DD273C5960008308A8 /* Tests_macOS.swift in Sources */,
			);
			runOnlyForDeploymentPostprocessing = 0;
		};
/* End PBXSourcesBuildPhase section */

/* Begin PBXTargetDependency section */
		C95778CE273C5960008308A8 /* PBXTargetDependency */ = {
			isa = PBXTargetDependency;
			target = C95778BE273C5960008308A8 /* movies (iOS) */;
			targetProxy = C95778CD273C5960008308A8 /* PBXContainerItemProxy */;
		};
		C95778DA273C5960008308A8 /* PBXTargetDependency */ = {
			isa = PBXTargetDependency;
			target = C95778C4273C5960008308A8 /* movies (macOS) */;
			targetProxy = C95778D9273C5960008308A8 /* PBXContainerItemProxy */;
		};
/* End PBXTargetDependency section */

/* Begin XCBuildConfiguration section */
		C95778E6273C5960008308A8 /* Debug */ = {
			isa = XCBuildConfiguration;
			buildSettings = {
				ALWAYS_SEARCH_USER_PATHS = NO;
				CLANG_ANALYZER_NONNULL = YES;
				CLANG_ANALYZER_NUMBER_OBJECT_CONVERSION = YES_AGGRESSIVE;
				CLANG_CXX_LANGUAGE_STANDARD = "gnu++17";
				CLANG_CXX_LIBRARY = "libc++";
				CLANG_ENABLE_MODULES = YES;
				CLANG_ENABLE_OBJC_ARC = YES;
				CLANG_ENABLE_OBJC_WEAK = YES;
				CLANG_WARN_BLOCK_CAPTURE_AUTORELEASING = YES;
				CLANG_WARN_BOOL_CONVERSION = YES;
				CLANG_WARN_COMMA = YES;
				CLANG_WARN_CONSTANT_CONVERSION = YES;
				CLANG_WARN_DEPRECATED_OBJC_IMPLEMENTATIONS = YES;
				CLANG_WARN_DIRECT_OBJC_ISA_USAGE = YES_ERROR;
				CLANG_WARN_DOCUMENTATION_COMMENTS = YES;
				CLANG_WARN_EMPTY_BODY = YES;
				CLANG_WARN_ENUM_CONVERSION = YES;
				CLANG_WARN_INFINITE_RECURSION = YES;
				CLANG_WARN_INT_CONVERSION = YES;
				CLANG_WARN_NON_LITERAL_NULL_CONVERSION = YES;
				CLANG_WARN_OBJC_IMPLICIT_RETAIN_SELF = YES;
				CLANG_WARN_OBJC_LITERAL_CONVERSION = YES;
				CLANG_WARN_OBJC_ROOT_CLASS = YES_ERROR;
				CLANG_WARN_QUOTED_INCLUDE_IN_FRAMEWORK_HEADER = YES;
				CLANG_WARN_RANGE_LOOP_ANALYSIS = YES;
				CLANG_WARN_STRICT_PROTOTYPES = YES;
				CLANG_WARN_SUSPICIOUS_MOVE = YES;
				CLANG_WARN_UNGUARDED_AVAILABILITY = YES_AGGRESSIVE;
				CLANG_WARN_UNREACHABLE_CODE = YES;
				CLANG_WARN__DUPLICATE_METHOD_MATCH = YES;
				COPY_PHASE_STRIP = NO;
				DEBUG_INFORMATION_FORMAT = dwarf;
				ENABLE_STRICT_OBJC_MSGSEND = YES;
				ENABLE_TESTABILITY = YES;
				GCC_C_LANGUAGE_STANDARD = gnu11;
				GCC_DYNAMIC_NO_PIC = NO;
				GCC_NO_COMMON_BLOCKS = YES;
				GCC_OPTIMIZATION_LEVEL = 0;
				GCC_PREPROCESSOR_DEFINITIONS = (
					"DEBUG=1",
					"$(inherited)",
				);
				GCC_WARN_64_TO_32_BIT_CONVERSION = YES;
				GCC_WARN_ABOUT_RETURN_TYPE = YES_ERROR;
				GCC_WARN_UNDECLARED_SELECTOR = YES;
				GCC_WARN_UNINITIALIZED_AUTOS = YES_AGGRESSIVE;
				GCC_WARN_UNUSED_FUNCTION = YES;
				GCC_WARN_UNUSED_VARIABLE = YES;
				MTL_ENABLE_DEBUG_INFO = INCLUDE_SOURCE;
				MTL_FAST_MATH = YES;
				ONLY_ACTIVE_ARCH = YES;
				SWIFT_ACTIVE_COMPILATION_CONDITIONS = DEBUG;
				SWIFT_OPTIMIZATION_LEVEL = "-Onone";
			};
			name = Debug;
		};
		C95778E7273C5960008308A8 /* Release */ = {
			isa = XCBuildConfiguration;
			buildSettings = {
				ALWAYS_SEARCH_USER_PATHS = NO;
				CLANG_ANALYZER_NONNULL = YES;
				CLANG_ANALYZER_NUMBER_OBJECT_CONVERSION = YES_AGGRESSIVE;
				CLANG_CXX_LANGUAGE_STANDARD = "gnu++17";
				CLANG_CXX_LIBRARY = "libc++";
				CLANG_ENABLE_MODULES = YES;
				CLANG_ENABLE_OBJC_ARC = YES;
				CLANG_ENABLE_OBJC_WEAK = YES;
				CLANG_WARN_BLOCK_CAPTURE_AUTORELEASING = YES;
				CLANG_WARN_BOOL_CONVERSION = YES;
				CLANG_WARN_COMMA = YES;
				CLANG_WARN_CONSTANT_CONVERSION = YES;
				CLANG_WARN_DEPRECATED_OBJC_IMPLEMENTATIONS = YES;
				CLANG_WARN_DIRECT_OBJC_ISA_USAGE = YES_ERROR;
				CLANG_WARN_DOCUMENTATION_COMMENTS = YES;
				CLANG_WARN_EMPTY_BODY = YES;
				CLANG_WARN_ENUM_CONVERSION = YES;
				CLANG_WARN_INFINITE_RECURSION = YES;
				CLANG_WARN_INT_CONVERSION = YES;
				CLANG_WARN_NON_LITERAL_NULL_CONVERSION = YES;
				CLANG_WARN_OBJC_IMPLICIT_RETAIN_SELF = YES;
				CLANG_WARN_OBJC_LITERAL_CONVERSION = YES;
				CLANG_WARN_OBJC_ROOT_CLASS = YES_ERROR;
				CLANG_WARN_QUOTED_INCLUDE_IN_FRAMEWORK_HEADER = YES;
				CLANG_WARN_RANGE_LOOP_ANALYSIS = YES;
				CLANG_WARN_STRICT_PROTOTYPES = YES;
				CLANG_WARN_SUSPICIOUS_MOVE = YES;
				CLANG_WARN_UNGUARDED_AVAILABILITY = YES_AGGRESSIVE;
				CLANG_WARN_UNREACHABLE_CODE = YES;
				CLANG_WARN__DUPLICATE_METHOD_MATCH = YES;
				COPY_PHASE_STRIP = NO;
				DEBUG_INFORMATION_FORMAT = "dwarf-with-dsym";
				ENABLE_NS_ASSERTIONS = NO;
				ENABLE_STRICT_OBJC_MSGSEND = YES;
				GCC_C_LANGUAGE_STANDARD = gnu11;
				GCC_NO_COMMON_BLOCKS = YES;
				GCC_WARN_64_TO_32_BIT_CONVERSION = YES;
				GCC_WARN_ABOUT_RETURN_TYPE = YES_ERROR;
				GCC_WARN_UNDECLARED_SELECTOR = YES;
				GCC_WARN_UNINITIALIZED_AUTOS = YES_AGGRESSIVE;
				GCC_WARN_UNUSED_FUNCTION = YES;
				GCC_WARN_UNUSED_VARIABLE = YES;
				MTL_ENABLE_DEBUG_INFO = NO;
				MTL_FAST_MATH = YES;
				SWIFT_COMPILATION_MODE = wholemodule;
				SWIFT_OPTIMIZATION_LEVEL = "-O";
			};
			name = Release;
		};
		C95778E9273C5960008308A8 /* Debug */ = {
			isa = XCBuildConfiguration;
			buildSettings = {
				ASSETCATALOG_COMPILER_APPICON_NAME = AppIcon;
				ASSETCATALOG_COMPILER_GLOBAL_ACCENT_COLOR_NAME = AccentColor;
				CODE_SIGN_STYLE = Automatic;
				CURRENT_PROJECT_VERSION = 1;
				DEVELOPMENT_TEAM = VUH3GM8HPJ;
				ENABLE_PREVIEWS = YES;
				GENERATE_INFOPLIST_FILE = YES;
				INFOPLIST_KEY_UIApplicationSceneManifest_Generation = YES;
				INFOPLIST_KEY_UIApplicationSupportsIndirectInputEvents = YES;
				INFOPLIST_KEY_UILaunchScreen_Generation = YES;
				INFOPLIST_KEY_UISupportedInterfaceOrientations_iPad = "UIInterfaceOrientationPortrait UIInterfaceOrientationPortraitUpsideDown UIInterfaceOrientationLandscapeLeft UIInterfaceOrientationLandscapeRight";
				INFOPLIST_KEY_UISupportedInterfaceOrientations_iPhone = "UIInterfaceOrientationPortrait UIInterfaceOrientationLandscapeLeft UIInterfaceOrientationLandscapeRight";
				IPHONEOS_DEPLOYMENT_TARGET = 15.0;
				LD_RUNPATH_SEARCH_PATHS = (
					"$(inherited)",
					"@executable_path/Frameworks",
				);
				MARKETING_VERSION = 1.0;
				PRODUCT_BUNDLE_IDENTIFIER = com.berksu.portfolio.movies;
				PRODUCT_NAME = movies;
				SDKROOT = iphoneos;
				SWIFT_EMIT_LOC_STRINGS = YES;
				SWIFT_VERSION = 5.0;
				TARGETED_DEVICE_FAMILY = "1,2";
			};
			name = Debug;
		};
		C95778EA273C5960008308A8 /* Release */ = {
			isa = XCBuildConfiguration;
			buildSettings = {
				ASSETCATALOG_COMPILER_APPICON_NAME = AppIcon;
				ASSETCATALOG_COMPILER_GLOBAL_ACCENT_COLOR_NAME = AccentColor;
				CODE_SIGN_STYLE = Automatic;
				CURRENT_PROJECT_VERSION = 1;
				DEVELOPMENT_TEAM = VUH3GM8HPJ;
				ENABLE_PREVIEWS = YES;
				GENERATE_INFOPLIST_FILE = YES;
				INFOPLIST_KEY_UIApplicationSceneManifest_Generation = YES;
				INFOPLIST_KEY_UIApplicationSupportsIndirectInputEvents = YES;
				INFOPLIST_KEY_UILaunchScreen_Generation = YES;
				INFOPLIST_KEY_UISupportedInterfaceOrientations_iPad = "UIInterfaceOrientationPortrait UIInterfaceOrientationPortraitUpsideDown UIInterfaceOrientationLandscapeLeft UIInterfaceOrientationLandscapeRight";
				INFOPLIST_KEY_UISupportedInterfaceOrientations_iPhone = "UIInterfaceOrientationPortrait UIInterfaceOrientationLandscapeLeft UIInterfaceOrientationLandscapeRight";
				IPHONEOS_DEPLOYMENT_TARGET = 15.0;
				LD_RUNPATH_SEARCH_PATHS = (
					"$(inherited)",
					"@executable_path/Frameworks",
				);
				MARKETING_VERSION = 1.0;
				PRODUCT_BUNDLE_IDENTIFIER = com.berksu.portfolio.movies;
				PRODUCT_NAME = movies;
				SDKROOT = iphoneos;
				SWIFT_EMIT_LOC_STRINGS = YES;
				SWIFT_VERSION = 5.0;
				TARGETED_DEVICE_FAMILY = "1,2";
				VALIDATE_PRODUCT = YES;
			};
			name = Release;
		};
		C95778EC273C5960008308A8 /* Debug */ = {
			isa = XCBuildConfiguration;
			buildSettings = {
				ASSETCATALOG_COMPILER_APPICON_NAME = AppIcon;
				ASSETCATALOG_COMPILER_GLOBAL_ACCENT_COLOR_NAME = AccentColor;
				CODE_SIGN_ENTITLEMENTS = macOS/macOS.entitlements;
				CODE_SIGN_STYLE = Automatic;
				COMBINE_HIDPI_IMAGES = YES;
				CURRENT_PROJECT_VERSION = 1;
				DEVELOPMENT_TEAM = VUH3GM8HPJ;
				ENABLE_HARDENED_RUNTIME = YES;
				ENABLE_PREVIEWS = YES;
				GENERATE_INFOPLIST_FILE = YES;
				INFOPLIST_KEY_NSHumanReadableCopyright = "";
				LD_RUNPATH_SEARCH_PATHS = (
					"$(inherited)",
					"@executable_path/../Frameworks",
				);
				MACOSX_DEPLOYMENT_TARGET = 12.0;
				MARKETING_VERSION = 1.0;
				PRODUCT_BUNDLE_IDENTIFIER = com.berksu.portfolio.movies;
				PRODUCT_NAME = movies;
				SDKROOT = macosx;
				SWIFT_EMIT_LOC_STRINGS = YES;
				SWIFT_VERSION = 5.0;
			};
			name = Debug;
		};
		C95778ED273C5960008308A8 /* Release */ = {
			isa = XCBuildConfiguration;
			buildSettings = {
				ASSETCATALOG_COMPILER_APPICON_NAME = AppIcon;
				ASSETCATALOG_COMPILER_GLOBAL_ACCENT_COLOR_NAME = AccentColor;
				CODE_SIGN_ENTITLEMENTS = macOS/macOS.entitlements;
				CODE_SIGN_STYLE = Automatic;
				COMBINE_HIDPI_IMAGES = YES;
				CURRENT_PROJECT_VERSION = 1;
				DEVELOPMENT_TEAM = VUH3GM8HPJ;
				ENABLE_HARDENED_RUNTIME = YES;
				ENABLE_PREVIEWS = YES;
				GENERATE_INFOPLIST_FILE = YES;
				INFOPLIST_KEY_NSHumanReadableCopyright = "";
				LD_RUNPATH_SEARCH_PATHS = (
					"$(inherited)",
					"@executable_path/../Frameworks",
				);
				MACOSX_DEPLOYMENT_TARGET = 12.0;
				MARKETING_VERSION = 1.0;
				PRODUCT_BUNDLE_IDENTIFIER = com.berksu.portfolio.movies;
				PRODUCT_NAME = movies;
				SDKROOT = macosx;
				SWIFT_EMIT_LOC_STRINGS = YES;
				SWIFT_VERSION = 5.0;
			};
			name = Release;
		};
		C95778EF273C5960008308A8 /* Debug */ = {
			isa = XCBuildConfiguration;
			buildSettings = {
				ALWAYS_EMBED_SWIFT_STANDARD_LIBRARIES = YES;
				CODE_SIGN_STYLE = Automatic;
				CURRENT_PROJECT_VERSION = 1;
				DEVELOPMENT_TEAM = VUH3GM8HPJ;
				GENERATE_INFOPLIST_FILE = YES;
				IPHONEOS_DEPLOYMENT_TARGET = 15.0;
				LD_RUNPATH_SEARCH_PATHS = (
					"$(inherited)",
					"@executable_path/Frameworks",
					"@loader_path/Frameworks",
				);
				MARKETING_VERSION = 1.0;
				PRODUCT_BUNDLE_IDENTIFIER = "com.berksu.portfolio.Tests-iOS";
				PRODUCT_NAME = "$(TARGET_NAME)";
				SDKROOT = iphoneos;
				SWIFT_EMIT_LOC_STRINGS = NO;
				SWIFT_VERSION = 5.0;
				TARGETED_DEVICE_FAMILY = "1,2";
				TEST_TARGET_NAME = "movies (iOS)";
			};
			name = Debug;
		};
		C95778F0273C5960008308A8 /* Release */ = {
			isa = XCBuildConfiguration;
			buildSettings = {
				ALWAYS_EMBED_SWIFT_STANDARD_LIBRARIES = YES;
				CODE_SIGN_STYLE = Automatic;
				CURRENT_PROJECT_VERSION = 1;
				DEVELOPMENT_TEAM = VUH3GM8HPJ;
				GENERATE_INFOPLIST_FILE = YES;
				IPHONEOS_DEPLOYMENT_TARGET = 15.0;
				LD_RUNPATH_SEARCH_PATHS = (
					"$(inherited)",
					"@executable_path/Frameworks",
					"@loader_path/Frameworks",
				);
				MARKETING_VERSION = 1.0;
				PRODUCT_BUNDLE_IDENTIFIER = "com.berksu.portfolio.Tests-iOS";
				PRODUCT_NAME = "$(TARGET_NAME)";
				SDKROOT = iphoneos;
				SWIFT_EMIT_LOC_STRINGS = NO;
				SWIFT_VERSION = 5.0;
				TARGETED_DEVICE_FAMILY = "1,2";
				TEST_TARGET_NAME = "movies (iOS)";
				VALIDATE_PRODUCT = YES;
			};
			name = Release;
		};
		C95778F2273C5960008308A8 /* Debug */ = {
			isa = XCBuildConfiguration;
			buildSettings = {
				ALWAYS_EMBED_SWIFT_STANDARD_LIBRARIES = YES;
				CODE_SIGN_STYLE = Automatic;
				COMBINE_HIDPI_IMAGES = YES;
				CURRENT_PROJECT_VERSION = 1;
				DEVELOPMENT_TEAM = VUH3GM8HPJ;
				GENERATE_INFOPLIST_FILE = YES;
				LD_RUNPATH_SEARCH_PATHS = (
					"$(inherited)",
					"@executable_path/../Frameworks",
					"@loader_path/../Frameworks",
				);
				MACOSX_DEPLOYMENT_TARGET = 12.0;
				MARKETING_VERSION = 1.0;
				PRODUCT_BUNDLE_IDENTIFIER = "com.berksu.portfolio.Tests-macOS";
				PRODUCT_NAME = "$(TARGET_NAME)";
				SDKROOT = macosx;
				SWIFT_EMIT_LOC_STRINGS = NO;
				SWIFT_VERSION = 5.0;
				TEST_TARGET_NAME = "movies (macOS)";
			};
			name = Debug;
		};
		C95778F3273C5960008308A8 /* Release */ = {
			isa = XCBuildConfiguration;
			buildSettings = {
				ALWAYS_EMBED_SWIFT_STANDARD_LIBRARIES = YES;
				CODE_SIGN_STYLE = Automatic;
				COMBINE_HIDPI_IMAGES = YES;
				CURRENT_PROJECT_VERSION = 1;
				DEVELOPMENT_TEAM = VUH3GM8HPJ;
				GENERATE_INFOPLIST_FILE = YES;
				LD_RUNPATH_SEARCH_PATHS = (
					"$(inherited)",
					"@executable_path/../Frameworks",
					"@loader_path/../Frameworks",
				);
				MACOSX_DEPLOYMENT_TARGET = 12.0;
				MARKETING_VERSION = 1.0;
				PRODUCT_BUNDLE_IDENTIFIER = "com.berksu.portfolio.Tests-macOS";
				PRODUCT_NAME = "$(TARGET_NAME)";
				SDKROOT = macosx;
				SWIFT_EMIT_LOC_STRINGS = NO;
				SWIFT_VERSION = 5.0;
				TEST_TARGET_NAME = "movies (macOS)";
			};
			name = Release;
		};
/* End XCBuildConfiguration section */

/* Begin XCConfigurationList section */
		C95778B6273C595F008308A8 /* Build configuration list for PBXProject "movies" */ = {
			isa = XCConfigurationList;
			buildConfigurations = (
				C95778E6273C5960008308A8 /* Debug */,
				C95778E7273C5960008308A8 /* Release */,
			);
			defaultConfigurationIsVisible = 0;
			defaultConfigurationName = Release;
		};
		C95778E8273C5960008308A8 /* Build configuration list for PBXNativeTarget "movies (iOS)" */ = {
			isa = XCConfigurationList;
			buildConfigurations = (
				C95778E9273C5960008308A8 /* Debug */,
				C95778EA273C5960008308A8 /* Release */,
			);
			defaultConfigurationIsVisible = 0;
			defaultConfigurationName = Release;
		};
		C95778EB273C5960008308A8 /* Build configuration list for PBXNativeTarget "movies (macOS)" */ = {
			isa = XCConfigurationList;
			buildConfigurations = (
				C95778EC273C5960008308A8 /* Debug */,
				C95778ED273C5960008308A8 /* Release */,
			);
			defaultConfigurationIsVisible = 0;
			defaultConfigurationName = Release;
		};
		C95778EE273C5960008308A8 /* Build configuration list for PBXNativeTarget "Tests iOS" */ = {
			isa = XCConfigurationList;
			buildConfigurations = (
				C95778EF273C5960008308A8 /* Debug */,
				C95778F0273C5960008308A8 /* Release */,
			);
			defaultConfigurationIsVisible = 0;
			defaultConfigurationName = Release;
		};
		C95778F1273C5960008308A8 /* Build configuration list for PBXNativeTarget "Tests macOS" */ = {
			isa = XCConfigurationList;
			buildConfigurations = (
				C95778F2273C5960008308A8 /* Debug */,
				C95778F3273C5960008308A8 /* Release */,
			);
			defaultConfigurationIsVisible = 0;
			defaultConfigurationName = Release;
		};
/* End XCConfigurationList section */
	};
	rootObject = C95778B3273C595F008308A8 /* Project object */;
}
